#MicroXplorer Configuration settings - do not modify
Mcu.Family=STM32F1
SH.GPXTI1.0=GPIO_EXTI1
ProjectManager.MainLocation=Core/Src
TIM1.OCPolarity_1=TIM_OCPOLARITY_LOW
ProjectManager.ProjectFileName=code.ioc
ProjectManager.KeepUserCode=true
Mcu.UserName=STM32F103R6Tx
Mcu.PinsNb=6
ProjectManager.NoMain=false
TIM1.IPParameters=Prescaler,Period,OCPolarity_1,Channel-PWM Generation1 CH1,Pulse-PWM Generation1 CH1
RCC.PLLCLKFreq_Value=8000000
ProjectManager.functionlistsort=1-MX_GPIO_Init-GPIO-false-HAL-true,2-SystemClock_Config-RCC-false-HAL-false,3-MX_TIM1_Init-TIM1-false-HAL-true
SH.GPXTI0.ConfNb=1
ProjectManager.DefaultFWLocation=true
NVIC.TIM1_UP_IRQn=true\:0\:0\:false\:false\:true\:true\:true
TIM1.Pulse-PWM\ Generation1\ CH1=0
ProjectManager.DeletePrevious=true
SH.S_TIM1_CH1.ConfNb=1
VP_SYS_VS_ND.Mode=No_Debug
PinOutPanel.RotationAngle=0
RCC.FamilyName=M
ProjectManager.StackSize=0x400
Mcu.IP2=SYS
NVIC.SVCall_IRQn=true\:0\:0\:false\:false\:true\:false\:false
Mcu.IP3=TIM1
Mcu.IP0=NVIC
NVIC.EXTI1_IRQn=true\:0\:0\:false\:false\:true\:true\:true
Mcu.IP1=RCC
TIM1.Prescaler=7999
SH.S_TIM1_CH1.0=TIM1_CH1,PWM Generation1 CH1
Mcu.UserConstants=
ProjectManager.TargetToolchain=Makefile
Mcu.ThirdPartyNb=0
Mcu.IPNb=4
ProjectManager.PreviousToolchain=
VP_TIM1_VS_ClockSourceINT.Signal=TIM1_VS_ClockSourceINT
ProjectManager.RegisterCallBack=
Mcu.Pin0=PB0
PB1.Locked=true
Mcu.Pin1=PB1
GPIO.groupedBy=Group By Peripherals
Mcu.Pin2=PA8
Mcu.Pin3=VP_SYS_VS_ND
Mcu.Pin4=VP_SYS_VS_Systick
Mcu.Pin5=VP_TIM1_VS_ClockSourceINT
ProjectManager.ProjectBuild=false
NVIC.UsageFault_IRQn=true\:0\:0\:false\:false\:true\:false\:false
NVIC.DebugMonitor_IRQn=true\:0\:0\:false\:false\:true\:false\:false
board=custom
NVIC.SysTick_IRQn=true\:0\:0\:false\:false\:true\:false\:true
ProjectManager.LastFirmware=true
ProjectManager.FirmwarePackage=STM32Cube FW_F1 V1.8.3
MxDb.Version=DB.6.0.0
RCC.APB2Freq_Value=8000000
ProjectManager.BackupPrevious=false
MxCube.Version=6.0.0
TIM1.Channel-PWM\ Generation1\ CH1=TIM_CHANNEL_1
File.Version=6
VP_SYS_VS_Systick.Mode=SysTick
VP_SYS_VS_ND.Signal=SYS_VS_ND
PA8.Signal=S_TIM1_CH1
NVIC.NonMaskableInt_IRQn=true\:0\:0\:false\:false\:true\:false\:false
NVIC.PendSV_IRQn=true\:0\:0\:false\:false\:true\:false\:false
ProjectManager.FreePins=false
RCC.IPParameters=APB1Freq_Value,APB2Freq_Value,FamilyName,PLLCLKFreq_Value,PLLMCOFreq_Value,TimSysFreq_Value
ProjectManager.AskForMigrate=true
Mcu.Name=STM32F103R(4-6)Tx
ProjectManager.HalAssertFull=false
VP_TIM1_VS_ClockSourceINT.Mode=Internal
PB0.Locked=true
ProjectManager.ProjectName=code
ProjectManager.UnderRoot=false
RCC.PLLMCOFreq_Value=4000000
ProjectManager.CoupleFile=true
NVIC.EXTI0_IRQn=true\:0\:0\:false\:false\:true\:true\:true
Mcu.Package=LQFP64
PB1.Signal=GPXTI1
RCC.TimSysFreq_Value=8000000
NVIC.ForceEnableDMAVector=true
KeepUserPlacement=false
NVIC.MemoryManagement_IRQn=true\:0\:0\:false\:false\:true\:false\:false
ProjectManager.CompilerOptimize=6
ProjectManager.ToolChainLocation=
VP_SYS_VS_Systick.Signal=SYS_VS_Systick
SH.GPXTI0.0=GPIO_EXTI0
ProjectManager.HeapSize=0x200
NVIC.HardFault_IRQn=true\:0\:0\:false\:false\:true\:false\:false
ProjectManager.ComputerToolchain=false
NVIC.PriorityGroup=NVIC_PRIORITYGROUP_4
NVIC.BusFault_IRQn=true\:0\:0\:false\:false\:true\:false\:false
TIM1.Period=9
SH.GPXTI1.ConfNb=1
RCC.APB1Freq_Value=8000000
PB0.Signal=GPXTI0
ProjectManager.CustomerFirmwarePackage=
ProjectManager.DeviceId=STM32F103R6Tx
ProjectManager.LibraryCopy=1
