#MicroXplorer Configuration settings - do not modify
Mcu.Family=STM32F1
SH.GPXTI1.0=GPIO_EXTI1
ProjectManager.MainLocation=Core/Src
ProjectManager.ProjectFileName=code.ioc
FREERTOS.Tasks01=defaultTask,24,128,StartDefaultTask,Default,NULL,Dynamic,NULL,NULL
ProjectManager.KeepUserCode=true
Mcu.UserName=STM32F103R6Tx
Mcu.PinsNb=11
ProjectManager.NoMain=false
NVIC.SavedSvcallIrqHandlerGenerated=true
RCC.PLLCLKFreq_Value=8000000
ProjectManager.functionlistsort=1-MX_GPIO_Init-GPIO-false-HAL-true,2-SystemClock_Config-RCC-false-HAL-false
PC0.GPIOParameters=GPIO_Speed,PinState,GPIO_PuPd,GPIO_ModeDefaultOutputPP
PC2.Signal=GPIO_Output
NVIC.EXTI3_IRQn=true\:5\:0\:false\:false\:true\:true\:true\:true
PC3.Locked=true
SH.GPXTI0.ConfNb=1
PC0.GPIO_ModeDefaultOutputPP=GPIO_MODE_OUTPUT_PP
ProjectManager.DefaultFWLocation=true
NVIC.TIM1_UP_IRQn=true\:0\:0\:false\:false\:true\:false\:false\:true
PC2.GPIO_Speed=GPIO_SPEED_FREQ_LOW
PB3.GPIO_ModeDefaultEXTI=GPIO_MODE_IT_RISING
ProjectManager.DeletePrevious=true
PC0.Signal=GPIO_Output
PC1.Locked=true
VP_SYS_VS_ND.Mode=No_Debug
PinOutPanel.RotationAngle=0
RCC.FamilyName=M
PC3.GPIO_Speed=GPIO_SPEED_FREQ_LOW
ProjectManager.StackSize=0x400
PC3.PinState=GPIO_PIN_RESET
VP_FREERTOS_VS_CMSIS_V2.Mode=CMSIS_V2
SH.GPXTI2.0=GPIO_EXTI2
PC3.GPIOParameters=GPIO_Speed,PinState,GPIO_PuPd,GPIO_ModeDefaultOutputPP
PB2.GPIO_ModeDefaultEXTI=GPIO_MODE_IT_RISING
NVIC.SVCall_IRQn=true\:0\:0\:false\:false\:false\:false\:false\:false
Mcu.IP2=RCC
Mcu.IP3=SYS
Mcu.IP0=FREERTOS
Mcu.IP1=NVIC
NVIC.EXTI1_IRQn=true\:5\:0\:false\:false\:true\:true\:true\:true
PC0.GPIO_Speed=GPIO_SPEED_FREQ_LOW
SH.GPXTI3.ConfNb=1
SH.GPXTI2.ConfNb=1
Mcu.UserConstants=
ProjectManager.TargetToolchain=Makefile
PC1.GPIOParameters=GPIO_Speed,PinState,GPIO_PuPd,GPIO_ModeDefaultOutputPP
Mcu.ThirdPartyNb=0
PB1.GPIO_PuPd=GPIO_NOPULL
Mcu.IPNb=4
ProjectManager.PreviousToolchain=
PB2.GPIOParameters=GPIO_PuPd,GPIO_ModeDefaultEXTI
PB1.GPIO_ModeDefaultEXTI=GPIO_MODE_IT_RISING
PC3.Signal=GPIO_Output
Mcu.Pin6=PB2
PC2.Locked=true
Mcu.Pin7=PB3
ProjectManager.RegisterCallBack=
Mcu.Pin8=VP_FREERTOS_VS_CMSIS_V2
Mcu.Pin9=VP_SYS_VS_ND
FREERTOS.IPParameters=Tasks01
PC1.PinState=GPIO_PIN_RESET
Mcu.Pin0=PC0
PB1.Locked=true
Mcu.Pin1=PC1
GPIO.groupedBy=Group By Peripherals
Mcu.Pin2=PC2
Mcu.Pin3=PC3
Mcu.Pin4=PB0
Mcu.Pin5=PB1
ProjectManager.ProjectBuild=false
NVIC.UsageFault_IRQn=true\:0\:0\:false\:false\:true\:false\:false\:false
NVIC.DebugMonitor_IRQn=true\:0\:0\:false\:false\:true\:false\:false\:false
PB2.Signal=GPXTI2
board=custom
PC1.GPIO_PuPd=GPIO_PULLDOWN
SH.GPXTI3.0=GPIO_EXTI3
NVIC.SysTick_IRQn=true\:15\:0\:false\:false\:false\:true\:false\:true
ProjectManager.LastFirmware=true
PB0.GPIO_ModeDefaultEXTI=GPIO_MODE_IT_RISING
ProjectManager.FirmwarePackage=STM32Cube FW_F1 V1.8.3
MxDb.Version=DB.6.0.10
PB0.GPIOParameters=GPIO_PuPd,GPIO_ModeDefaultEXTI
NVIC.SavedSystickIrqHandlerGenerated=true
RCC.APB2Freq_Value=8000000
PB3.GPIO_PuPd=GPIO_NOPULL
ProjectManager.BackupPrevious=false
MxCube.Version=6.1.1
VP_SYS_VS_tim1.Signal=SYS_VS_tim1
VP_SYS_VS_tim1.Mode=TIM1
PC2.GPIOParameters=GPIO_Speed,PinState,GPIO_PuPd,GPIO_ModeDefaultOutputPP
File.Version=6
VP_SYS_VS_ND.Signal=SYS_VS_ND
PB3.GPIOParameters=GPIO_PuPd,GPIO_ModeDefaultEXTI
PC1.GPIO_Speed=GPIO_SPEED_FREQ_LOW
NVIC.NonMaskableInt_IRQn=true\:0\:0\:false\:false\:true\:false\:false\:false
NVIC.PendSV_IRQn=true\:15\:0\:false\:false\:false\:true\:false\:false
PC2.GPIO_PuPd=GPIO_PULLDOWN
ProjectManager.FreePins=false
RCC.IPParameters=APB1Freq_Value,APB2Freq_Value,FamilyName,PLLCLKFreq_Value,PLLMCOFreq_Value,TimSysFreq_Value
ProjectManager.AskForMigrate=true
Mcu.Name=STM32F103R(4-6)Tx
ProjectManager.HalAssertFull=false
PB2.GPIO_PuPd=GPIO_NOPULL
PB0.Locked=true
NVIC.SavedPendsvIrqHandlerGenerated=true
ProjectManager.ProjectName=code
ProjectManager.UnderRoot=false
PB2.Locked=true
VP_FREERTOS_VS_CMSIS_V2.Signal=FREERTOS_VS_CMSIS_V2
RCC.PLLMCOFreq_Value=4000000
ProjectManager.CoupleFile=true
PB3.Signal=GPXTI3
NVIC.EXTI0_IRQn=true\:5\:0\:false\:false\:true\:true\:true\:true
Mcu.Package=LQFP64
PB1.Signal=GPXTI1
RCC.TimSysFreq_Value=8000000
NVIC.TimeBase=TIM1_UP_IRQn
PC2.PinState=GPIO_PIN_RESET
NVIC.ForceEnableDMAVector=true
KeepUserPlacement=false
NVIC.MemoryManagement_IRQn=true\:0\:0\:false\:false\:true\:false\:false\:false
ProjectManager.CompilerOptimize=6
ProjectManager.ToolChainLocation=
SH.GPXTI0.0=GPIO_EXTI0
NVIC.TimeBaseIP=TIM1
ProjectManager.HeapSize=0x200
NVIC.HardFault_IRQn=true\:0\:0\:false\:false\:true\:false\:false\:false
ProjectManager.ComputerToolchain=false
PC1.GPIO_ModeDefaultOutputPP=GPIO_MODE_OUTPUT_PP
NVIC.PriorityGroup=NVIC_PRIORITYGROUP_4
NVIC.EXTI2_IRQn=true\:5\:0\:false\:false\:true\:true\:true\:true
Mcu.Pin10=VP_SYS_VS_tim1
PC2.GPIO_ModeDefaultOutputPP=GPIO_MODE_OUTPUT_PP
NVIC.BusFault_IRQn=true\:0\:0\:false\:false\:true\:false\:false\:false
PC3.GPIO_ModeDefaultOutputPP=GPIO_MODE_OUTPUT_PP
PC0.GPIO_PuPd=GPIO_PULLDOWN
SH.GPXTI1.ConfNb=1
RCC.APB1Freq_Value=8000000
PB0.Signal=GPXTI0
ProjectManager.CustomerFirmwarePackage=
PC0.PinState=GPIO_PIN_RESET
PC0.Locked=true
ProjectManager.DeviceId=STM32F103R6Tx
PC1.Signal=GPIO_Output
ProjectManager.LibraryCopy=1
PB0.GPIO_PuPd=GPIO_NOPULL
PC3.GPIO_PuPd=GPIO_PULLDOWN
PB3.Locked=true
PB1.GPIOParameters=GPIO_PuPd,GPIO_ModeDefaultEXTI
