#MicroXplorer Configuration settings - do not modify
Mcu.Family=STM32F1
ProjectManager.MainLocation=Core/Src
PC7.GPIO_ModeDefaultOutputPP=GPIO_MODE_OUTPUT_PP
PC7.GPIOParameters=PinState,GPIO_PuPd,GPIO_ModeDefaultOutputPP
ProjectManager.ProjectFileName=code.ioc
ProjectManager.KeepUserCode=true
Mcu.UserName=STM32F103R6Tx
Mcu.PinsNb=13
PC4.PinState=GPIO_PIN_RESET
ProjectManager.NoMain=false
PC4.GPIO_PuPd=GPIO_PULLUP
TIM1.IPParameters=Prescaler,Period
RCC.PLLCLKFreq_Value=8000000
PC5.Locked=true
PC7.Locked=true
ProjectManager.functionlistsort=1-MX_GPIO_Init-GPIO-false-HAL-true,2-SystemClock_Config-RCC-false-HAL-false,3-MX_TIM1_Init-TIM1-false-HAL-true
PC0.GPIOParameters=PinState,GPIO_PuPd,GPIO_ModeDefaultOutputPP
PC4.Signal=GPIO_Output
PC2.Signal=GPIO_Output
PC6.Signal=GPIO_Output
PC3.Locked=true
PC0.GPIO_ModeDefaultOutputPP=GPIO_MODE_OUTPUT_PP
ProjectManager.DefaultFWLocation=true
NVIC.TIM1_UP_IRQn=true\:0\:0\:true\:false\:true\:true\:true
ProjectManager.DeletePrevious=true
PC0.Signal=GPIO_Output
PC1.Locked=true
PC5.GPIO_PuPd=GPIO_PULLUP
VP_SYS_VS_ND.Mode=No_Debug
PinOutPanel.RotationAngle=0
RCC.FamilyName=M
ProjectManager.StackSize=0x400
PC3.PinState=GPIO_PIN_RESET
PC3.GPIOParameters=PinState,GPIO_PuPd,GPIO_ModeDefaultOutputPP
SH.GPXTI6.0=GPIO_EXTI6
SH.GPXTI6.ConfNb=1
NVIC.SVCall_IRQn=true\:0\:0\:false\:false\:true\:false\:false
Mcu.IP2=SYS
Mcu.IP3=TIM1
Mcu.IP0=NVIC
Mcu.IP1=RCC
TIM1.Prescaler=7999
Mcu.UserConstants=
ProjectManager.TargetToolchain=Makefile
PC1.GPIOParameters=PinState,GPIO_PuPd,GPIO_ModeDefaultOutputPP
PB0.PinState=GPIO_PIN_RESET
Mcu.ThirdPartyNb=0
Mcu.IPNb=4
ProjectManager.PreviousToolchain=
PC5.GPIOParameters=PinState,GPIO_PuPd,GPIO_ModeDefaultOutputPP
PC6.Locked=true
VP_TIM1_VS_ClockSourceINT.Signal=TIM1_VS_ClockSourceINT
PC7.Signal=GPIO_Output
PC3.Signal=GPIO_Output
Mcu.Pin6=PC5
PC2.Locked=true
Mcu.Pin7=PB0
ProjectManager.RegisterCallBack=
Mcu.Pin8=PC6
PC7.GPIO_PuPd=GPIO_PULLUP
Mcu.Pin9=PC7
PC1.PinState=GPIO_PIN_RESET
Mcu.Pin0=PC0
Mcu.Pin1=PC1
GPIO.groupedBy=Group By Peripherals
Mcu.Pin2=PC2
Mcu.Pin3=PC3
Mcu.Pin4=PA6
PC6.PinState=GPIO_PIN_RESET
Mcu.Pin5=PC4
ProjectManager.ProjectBuild=false
NVIC.UsageFault_IRQn=true\:0\:0\:false\:false\:true\:false\:false
NVIC.DebugMonitor_IRQn=true\:0\:0\:false\:false\:true\:false\:false
board=custom
PC1.GPIO_PuPd=GPIO_PULLUP
NVIC.SysTick_IRQn=true\:0\:0\:false\:false\:true\:false\:true
ProjectManager.LastFirmware=true
ProjectManager.FirmwarePackage=STM32Cube FW_F1 V1.8.3
MxDb.Version=DB.6.0.0
PB0.GPIOParameters=PinState,GPIO_PuPd,GPIO_ModeDefaultOutputPP
RCC.APB2Freq_Value=8000000
ProjectManager.BackupPrevious=false
MxCube.Version=6.0.0
PC2.GPIOParameters=PinState,GPIO_PuPd,GPIO_ModeDefaultOutputPP
File.Version=6
VP_SYS_VS_Systick.Mode=SysTick
VP_SYS_VS_ND.Signal=SYS_VS_ND
PC7.PinState=GPIO_PIN_RESET
NVIC.NonMaskableInt_IRQn=true\:0\:0\:false\:false\:true\:false\:false
NVIC.PendSV_IRQn=true\:0\:0\:false\:false\:true\:false\:false
PC2.GPIO_PuPd=GPIO_PULLUP
ProjectManager.FreePins=false
RCC.IPParameters=APB1Freq_Value,APB2Freq_Value,FamilyName,PLLCLKFreq_Value,PLLMCOFreq_Value,TimSysFreq_Value
ProjectManager.AskForMigrate=true
Mcu.Name=STM32F103R(4-6)Tx
ProjectManager.HalAssertFull=false
PB0.Locked=true
VP_TIM1_VS_ClockSourceINT.Mode=Internal
ProjectManager.ProjectName=code
ProjectManager.UnderRoot=false
RCC.PLLMCOFreq_Value=4000000
ProjectManager.CoupleFile=true
Mcu.Package=LQFP64
PA6.Signal=GPXTI6
RCC.TimSysFreq_Value=8000000
PC2.PinState=GPIO_PIN_RESET
PC5.PinState=GPIO_PIN_RESET
NVIC.ForceEnableDMAVector=true
KeepUserPlacement=false
NVIC.MemoryManagement_IRQn=true\:0\:0\:false\:false\:true\:false\:false
ProjectManager.CompilerOptimize=6
ProjectManager.ToolChainLocation=
VP_SYS_VS_Systick.Signal=SYS_VS_Systick
NVIC.EXTI9_5_IRQn=true\:0\:0\:false\:false\:true\:true\:true
ProjectManager.HeapSize=0x200
NVIC.HardFault_IRQn=true\:0\:0\:false\:false\:true\:false\:false
PC6.GPIO_PuPd=GPIO_PULLUP
PC6.GPIOParameters=PinState,GPIO_PuPd,GPIO_ModeDefaultOutputPP
ProjectManager.ComputerToolchain=false
PC1.GPIO_ModeDefaultOutputPP=GPIO_MODE_OUTPUT_PP
NVIC.PriorityGroup=NVIC_PRIORITYGROUP_4
Mcu.Pin11=VP_SYS_VS_Systick
Mcu.Pin12=VP_TIM1_VS_ClockSourceINT
Mcu.Pin10=VP_SYS_VS_ND
PC2.GPIO_ModeDefaultOutputPP=GPIO_MODE_OUTPUT_PP
NVIC.BusFault_IRQn=true\:0\:0\:false\:false\:true\:false\:false
PC4.Locked=true
PB0.GPIO_ModeDefaultOutputPP=GPIO_MODE_OUTPUT_PP
PC5.Signal=GPIO_Output
TIM1.Period=1000
PC3.GPIO_ModeDefaultOutputPP=GPIO_MODE_OUTPUT_PP
PC0.GPIO_PuPd=GPIO_PULLUP
PC4.GPIO_ModeDefaultOutputPP=GPIO_MODE_OUTPUT_PP
RCC.APB1Freq_Value=8000000
PC5.GPIO_ModeDefaultOutputPP=GPIO_MODE_OUTPUT_PP
PB0.Signal=GPIO_Output
ProjectManager.CustomerFirmwarePackage=
PC0.PinState=GPIO_PIN_RESET
PC0.Locked=true
PC4.GPIOParameters=PinState,GPIO_PuPd,GPIO_ModeDefaultOutputPP
ProjectManager.DeviceId=STM32F103R6Tx
PC1.Signal=GPIO_Output
ProjectManager.LibraryCopy=1
PB0.GPIO_PuPd=GPIO_PULLUP
PC6.GPIO_ModeDefaultOutputPP=GPIO_MODE_OUTPUT_PP
PC3.GPIO_PuPd=GPIO_PULLUP
PA6.Locked=true
