#MicroXplorer Configuration settings - do not modify
Mcu.Family=STM32F1
ProjectManager.MainLocation=Core/Src
ProjectManager.ProjectFileName=code.ioc
ProjectManager.KeepUserCode=true
Mcu.UserName=STM32F103R6Tx
Mcu.PinsNb=6
ProjectManager.NoMain=false
RCC.PLLCLKFreq_Value=8000000
ProjectManager.functionlistsort=1-MX_GPIO_Init-GPIO-false-HAL-true,2-SystemClock_Config-RCC-false-HAL-false
PC0.GPIOParameters=GPIO_PuPd,GPIO_ModeDefaultEXTI
SH.GPXTI0.ConfNb=1
ProjectManager.DefaultFWLocation=true
NVIC.TIM1_UP_IRQn=true\:0\:0\:false\:false\:true\:false\:true
PB12.Locked=true
ProjectManager.DeletePrevious=true
PB11.GPIO_PuPd=GPIO_PULLDOWN
PC0.Signal=GPXTI0
PC1.Locked=true
PB11.Signal=GPXTI11
VP_SYS_VS_ND.Mode=No_Debug
PinOutPanel.RotationAngle=0
RCC.FamilyName=M
ProjectManager.StackSize=0x400
Mcu.IP2=SYS
NVIC.SVCall_IRQn=true\:0\:0\:false\:false\:true\:false\:false
Mcu.IP0=NVIC
Mcu.IP1=RCC
Mcu.UserConstants=
ProjectManager.TargetToolchain=Makefile
Mcu.ThirdPartyNb=0
Mcu.IPNb=3
ProjectManager.PreviousToolchain=
PB11.GPIOParameters=GPIO_PuPd,GPIO_ModeDefaultEXTI
ProjectManager.RegisterCallBack=
Mcu.Pin0=PC0
Mcu.Pin1=PC1
GPIO.groupedBy=Group By Peripherals
Mcu.Pin2=PB11
Mcu.Pin3=PB12
Mcu.Pin4=VP_SYS_VS_ND
NVIC.EXTI15_10_IRQn=true\:0\:0\:false\:false\:true\:true\:true
Mcu.Pin5=VP_SYS_VS_tim1
ProjectManager.ProjectBuild=false
NVIC.UsageFault_IRQn=true\:0\:0\:false\:false\:true\:false\:false
NVIC.DebugMonitor_IRQn=true\:0\:0\:false\:false\:true\:false\:false
board=custom
NVIC.SysTick_IRQn=true\:0\:0\:false\:false\:true\:false\:true
ProjectManager.LastFirmware=true
ProjectManager.FirmwarePackage=STM32Cube FW_F1 V1.8.3
MxDb.Version=DB.6.0.0
RCC.APB2Freq_Value=8000000
ProjectManager.BackupPrevious=false
MxCube.Version=6.0.0
VP_SYS_VS_tim1.Signal=SYS_VS_tim1
VP_SYS_VS_tim1.Mode=TIM1
File.Version=6
VP_SYS_VS_ND.Signal=SYS_VS_ND
NVIC.NonMaskableInt_IRQn=true\:0\:0\:false\:false\:true\:false\:false
NVIC.PendSV_IRQn=true\:0\:0\:false\:false\:true\:false\:false
SH.GPXTI11.ConfNb=1
ProjectManager.FreePins=false
RCC.IPParameters=APB1Freq_Value,APB2Freq_Value,FamilyName,PLLCLKFreq_Value,PLLMCOFreq_Value,TimSysFreq_Value
ProjectManager.AskForMigrate=true
Mcu.Name=STM32F103R(4-6)Tx
ProjectManager.HalAssertFull=false
ProjectManager.ProjectName=code
ProjectManager.UnderRoot=false
PC0.GPIO_ModeDefaultEXTI=GPIO_MODE_IT_RISING
RCC.PLLMCOFreq_Value=4000000
ProjectManager.CoupleFile=true
NVIC.EXTI0_IRQn=true\:0\:0\:false\:false\:true\:true\:true
Mcu.Package=LQFP64
RCC.TimSysFreq_Value=8000000
NVIC.TimeBase=TIM1_UP_IRQn
SH.GPXTI11.0=GPIO_EXTI11
NVIC.ForceEnableDMAVector=true
KeepUserPlacement=false
NVIC.MemoryManagement_IRQn=true\:0\:0\:false\:false\:true\:false\:false
ProjectManager.CompilerOptimize=6
ProjectManager.ToolChainLocation=
PB11.GPIO_ModeDefaultEXTI=GPIO_MODE_IT_FALLING
SH.GPXTI0.0=GPIO_EXTI0
NVIC.TimeBaseIP=TIM1
ProjectManager.HeapSize=0x200
NVIC.HardFault_IRQn=true\:0\:0\:false\:false\:true\:false\:false
ProjectManager.ComputerToolchain=false
NVIC.PriorityGroup=NVIC_PRIORITYGROUP_4
NVIC.BusFault_IRQn=true\:0\:0\:false\:false\:true\:false\:false
PC0.GPIO_PuPd=GPIO_PULLUP
RCC.APB1Freq_Value=8000000
ProjectManager.CustomerFirmwarePackage=
PB11.Locked=true
PC0.Locked=true
ProjectManager.DeviceId=STM32F103R6Tx
PC1.Signal=GPIO_Output
PB12.Signal=GPIO_Output
ProjectManager.LibraryCopy=1
